uuid: 642373b6-e07d-439c-8ddc-f966077803e0
langcode: en
status: true
dependencies:
  content:
    - 'block_content:basic:d2b3caab-4fed-487d-beee-a224a5d9df99'
  module:
    - block_content
    - system
  theme:
    - gpii_ds
id: welcomeblock
theme: gpii_ds
region: content
weight: 0
provider: null
plugin: 'block_content:d2b3caab-4fed-487d-beee-a224a5d9df99'
settings:
  id: 'block_content:d2b3caab-4fed-487d-beee-a224a5d9df99'
  label: 'Welcome Block'
  label_display: '0'
  provider: block_content
  status: true
  info: ''
  view_mode: full
visibility:
  request_path:
    id: request_path
    negate: false
    pages: '<front>'
